
Microsoft Visual Studio Solution File, Format Version 12.00
# Visual Studio 15
VisualStudioVersion = 15.0.28307.572
MinimumVisualStudioVersion = 10.0.40219.1
Project("{FAE04EC0-301F-11D3-BF4B-00C04F79EFBC}") = "Repertoire", "Repertoire\Repertoire.csproj", "{D24A383B-973E-463F-966B-B57E98A653C3}"
EndProject
Global
	GlobalSection(SolutionConfigurationPlatforms) = preSolution
		Debug|Any CPU = Debug|Any CPU
		Release|Any CPU = Release|Any CPU
	EndGlobalSection
	GlobalSection(ProjectConfigurationPlatforms) = postSolution
		{D24A383B-973E-463F-966B-B57E98A653C3}.Debug|Any CPU.ActiveCfg = Debug|Any CPU
		{D24A383B-973E-463F-966B-B57E98A653C3}.Debug|Any CPU.Build.0 = Debug|Any CPU
		{D24A383B-973E-463F-966B-B57E98A653C3}.Release|Any CPU.ActiveCfg = Release|Any CPU
		{D24A383B-973E-463F-966B-B57E98A653C3}.Release|Any CPU.Build.0 = Release|Any CPU
	EndGlobalSection
	GlobalSection(SolutionProperties) = preSolution
		HideSolutionNode = FALSE
	EndGlobalSection
	GlobalSection(ExtensibilityGlobals) = postSolution
		SolutionGuid = {C3CEE963-1AF8-4A14-A7DC-3720C702FE82}
	EndGlobalSection
EndGlobal
