
Microsoft Visual Studio Solution File, Format Version 12.00
# Visual Studio 15
VisualStudioVersion = 15.0.28307.329
MinimumVisualStudioVersion = 10.0.40219.1
Project("{FAE04EC0-301F-11D3-BF4B-00C04F79EFBC}") = "Exo6", "Exo6\Exo6.csproj", "{FBBFE7BD-DBDA-4382-8CF6-A35A1960FA2F}"
EndProject
Global
	GlobalSection(SolutionConfigurationPlatforms) = preSolution
		Debug|Any CPU = Debug|Any CPU
		Release|Any CPU = Release|Any CPU
	EndGlobalSection
	GlobalSection(ProjectConfigurationPlatforms) = postSolution
		{FBBFE7BD-DBDA-4382-8CF6-A35A1960FA2F}.Debug|Any CPU.ActiveCfg = Debug|Any CPU
		{FBBFE7BD-DBDA-4382-8CF6-A35A1960FA2F}.Debug|Any CPU.Build.0 = Debug|Any CPU
		{FBBFE7BD-DBDA-4382-8CF6-A35A1960FA2F}.Release|Any CPU.ActiveCfg = Release|Any CPU
		{FBBFE7BD-DBDA-4382-8CF6-A35A1960FA2F}.Release|Any CPU.Build.0 = Release|Any CPU
	EndGlobalSection
	GlobalSection(SolutionProperties) = preSolution
		HideSolutionNode = FALSE
	EndGlobalSection
	GlobalSection(ExtensibilityGlobals) = postSolution
		SolutionGuid = {955D17C6-14A5-4A68-854B-CF5FA0BB8043}
	EndGlobalSection
EndGlobal
