
Microsoft Visual Studio Solution File, Format Version 12.00
# Visual Studio 15
VisualStudioVersion = 15.0.28307.329
MinimumVisualStudioVersion = 10.0.40219.1
Project("{FAE04EC0-301F-11D3-BF4B-00C04F79EFBC}") = "TP2_Sans_modifications", "TP2_Sans_modifications\TP2_Sans_modifications.csproj", "{57AA6B1D-F70C-4C3E-BA78-D2E908C4721C}"
EndProject
Global
	GlobalSection(SolutionConfigurationPlatforms) = preSolution
		Debug|Any CPU = Debug|Any CPU
		Release|Any CPU = Release|Any CPU
	EndGlobalSection
	GlobalSection(ProjectConfigurationPlatforms) = postSolution
		{57AA6B1D-F70C-4C3E-BA78-D2E908C4721C}.Debug|Any CPU.ActiveCfg = Debug|Any CPU
		{57AA6B1D-F70C-4C3E-BA78-D2E908C4721C}.Debug|Any CPU.Build.0 = Debug|Any CPU
		{57AA6B1D-F70C-4C3E-BA78-D2E908C4721C}.Release|Any CPU.ActiveCfg = Release|Any CPU
		{57AA6B1D-F70C-4C3E-BA78-D2E908C4721C}.Release|Any CPU.Build.0 = Release|Any CPU
	EndGlobalSection
	GlobalSection(SolutionProperties) = preSolution
		HideSolutionNode = FALSE
	EndGlobalSection
	GlobalSection(ExtensibilityGlobals) = postSolution
		SolutionGuid = {14E44456-F074-4F6E-A63D-3D9D6133D4DF}
	EndGlobalSection
EndGlobal
