
Microsoft Visual Studio Solution File, Format Version 12.00
# Visual Studio 15
VisualStudioVersion = 15.0.28307.329
MinimumVisualStudioVersion = 10.0.40219.1
Project("{FAE04EC0-301F-11D3-BF4B-00C04F79EFBC}") = "Exo2", "Exo2\Exo2.csproj", "{F258D7BD-BFBF-4A17-8B43-3ED3AE4DF294}"
EndProject
Global
	GlobalSection(SolutionConfigurationPlatforms) = preSolution
		Debug|Any CPU = Debug|Any CPU
		Release|Any CPU = Release|Any CPU
	EndGlobalSection
	GlobalSection(ProjectConfigurationPlatforms) = postSolution
		{F258D7BD-BFBF-4A17-8B43-3ED3AE4DF294}.Debug|Any CPU.ActiveCfg = Debug|Any CPU
		{F258D7BD-BFBF-4A17-8B43-3ED3AE4DF294}.Debug|Any CPU.Build.0 = Debug|Any CPU
		{F258D7BD-BFBF-4A17-8B43-3ED3AE4DF294}.Release|Any CPU.ActiveCfg = Release|Any CPU
		{F258D7BD-BFBF-4A17-8B43-3ED3AE4DF294}.Release|Any CPU.Build.0 = Release|Any CPU
	EndGlobalSection
	GlobalSection(SolutionProperties) = preSolution
		HideSolutionNode = FALSE
	EndGlobalSection
	GlobalSection(ExtensibilityGlobals) = postSolution
		SolutionGuid = {0CCD8C93-FF1D-44DE-A729-FE7EFDED5271}
	EndGlobalSection
EndGlobal
