
Microsoft Visual Studio Solution File, Format Version 12.00
# Visual Studio 15
VisualStudioVersion = 15.0.28307.329
MinimumVisualStudioVersion = 10.0.40219.1
Project("{FAE04EC0-301F-11D3-BF4B-00C04F79EFBC}") = "Exo8", "Exo8\Exo8.csproj", "{BFAEAF7D-B045-4786-8FA9-AEF57CCA675A}"
EndProject
Global
	GlobalSection(SolutionConfigurationPlatforms) = preSolution
		Debug|Any CPU = Debug|Any CPU
		Release|Any CPU = Release|Any CPU
	EndGlobalSection
	GlobalSection(ProjectConfigurationPlatforms) = postSolution
		{BFAEAF7D-B045-4786-8FA9-AEF57CCA675A}.Debug|Any CPU.ActiveCfg = Debug|Any CPU
		{BFAEAF7D-B045-4786-8FA9-AEF57CCA675A}.Debug|Any CPU.Build.0 = Debug|Any CPU
		{BFAEAF7D-B045-4786-8FA9-AEF57CCA675A}.Release|Any CPU.ActiveCfg = Release|Any CPU
		{BFAEAF7D-B045-4786-8FA9-AEF57CCA675A}.Release|Any CPU.Build.0 = Release|Any CPU
	EndGlobalSection
	GlobalSection(SolutionProperties) = preSolution
		HideSolutionNode = FALSE
	EndGlobalSection
	GlobalSection(ExtensibilityGlobals) = postSolution
		SolutionGuid = {B6D591AD-4679-44A6-A01F-85E1D92E3962}
	EndGlobalSection
EndGlobal
