
Microsoft Visual Studio Solution File, Format Version 12.00
# Visual Studio 15
VisualStudioVersion = 15.0.28307.572
MinimumVisualStudioVersion = 10.0.40219.1
Project("{FAE04EC0-301F-11D3-BF4B-00C04F79EFBC}") = "Exo1", "Exo1\Exo1.csproj", "{354897F7-0C06-4F9E-BB8F-96EC8207BBC9}"
EndProject
Global
	GlobalSection(SolutionConfigurationPlatforms) = preSolution
		Debug|Any CPU = Debug|Any CPU
		Release|Any CPU = Release|Any CPU
	EndGlobalSection
	GlobalSection(ProjectConfigurationPlatforms) = postSolution
		{354897F7-0C06-4F9E-BB8F-96EC8207BBC9}.Debug|Any CPU.ActiveCfg = Debug|Any CPU
		{354897F7-0C06-4F9E-BB8F-96EC8207BBC9}.Debug|Any CPU.Build.0 = Debug|Any CPU
		{354897F7-0C06-4F9E-BB8F-96EC8207BBC9}.Release|Any CPU.ActiveCfg = Release|Any CPU
		{354897F7-0C06-4F9E-BB8F-96EC8207BBC9}.Release|Any CPU.Build.0 = Release|Any CPU
	EndGlobalSection
	GlobalSection(SolutionProperties) = preSolution
		HideSolutionNode = FALSE
	EndGlobalSection
	GlobalSection(ExtensibilityGlobals) = postSolution
		SolutionGuid = {11F8AA9B-6A51-47E2-AC47-82862F6B6DA5}
	EndGlobalSection
EndGlobal
