
Microsoft Visual Studio Solution File, Format Version 12.00
# Visual Studio 15
VisualStudioVersion = 15.0.28307.329
MinimumVisualStudioVersion = 10.0.40219.1
Project("{FAE04EC0-301F-11D3-BF4B-00C04F79EFBC}") = "Exo4", "Exo4\Exo4.csproj", "{437307D5-9827-484B-BB9C-D95438DA75C6}"
EndProject
Global
	GlobalSection(SolutionConfigurationPlatforms) = preSolution
		Debug|Any CPU = Debug|Any CPU
		Release|Any CPU = Release|Any CPU
	EndGlobalSection
	GlobalSection(ProjectConfigurationPlatforms) = postSolution
		{437307D5-9827-484B-BB9C-D95438DA75C6}.Debug|Any CPU.ActiveCfg = Debug|Any CPU
		{437307D5-9827-484B-BB9C-D95438DA75C6}.Debug|Any CPU.Build.0 = Debug|Any CPU
		{437307D5-9827-484B-BB9C-D95438DA75C6}.Release|Any CPU.ActiveCfg = Release|Any CPU
		{437307D5-9827-484B-BB9C-D95438DA75C6}.Release|Any CPU.Build.0 = Release|Any CPU
	EndGlobalSection
	GlobalSection(SolutionProperties) = preSolution
		HideSolutionNode = FALSE
	EndGlobalSection
	GlobalSection(ExtensibilityGlobals) = postSolution
		SolutionGuid = {A2F436A8-715A-427A-AD53-014DF5BD56A6}
	EndGlobalSection
EndGlobal
