
Microsoft Visual Studio Solution File, Format Version 12.00
# Visual Studio 15
VisualStudioVersion = 15.0.28307.329
MinimumVisualStudioVersion = 10.0.40219.1
Project("{FAE04EC0-301F-11D3-BF4B-00C04F79EFBC}") = "TP1", "TP1\TP1.csproj", "{5791DA51-E7C2-45F6-805A-FE8C7EE0D6D9}"
EndProject
Global
	GlobalSection(SolutionConfigurationPlatforms) = preSolution
		Debug|Any CPU = Debug|Any CPU
		Release|Any CPU = Release|Any CPU
	EndGlobalSection
	GlobalSection(ProjectConfigurationPlatforms) = postSolution
		{5791DA51-E7C2-45F6-805A-FE8C7EE0D6D9}.Debug|Any CPU.ActiveCfg = Debug|Any CPU
		{5791DA51-E7C2-45F6-805A-FE8C7EE0D6D9}.Debug|Any CPU.Build.0 = Debug|Any CPU
		{5791DA51-E7C2-45F6-805A-FE8C7EE0D6D9}.Release|Any CPU.ActiveCfg = Release|Any CPU
		{5791DA51-E7C2-45F6-805A-FE8C7EE0D6D9}.Release|Any CPU.Build.0 = Release|Any CPU
	EndGlobalSection
	GlobalSection(SolutionProperties) = preSolution
		HideSolutionNode = FALSE
	EndGlobalSection
	GlobalSection(ExtensibilityGlobals) = postSolution
		SolutionGuid = {F7275DA5-36F5-4E35-802E-98BE9F551B31}
	EndGlobalSection
EndGlobal
