
Microsoft Visual Studio Solution File, Format Version 12.00
# Visual Studio 15
VisualStudioVersion = 15.0.28307.572
MinimumVisualStudioVersion = 10.0.40219.1
Project("{FAE04EC0-301F-11D3-BF4B-00C04F79EFBC}") = "Exo2", "Exo2\Exo2.csproj", "{0FCB2E95-A46B-4268-B24C-3589A4926C77}"
EndProject
Global
	GlobalSection(SolutionConfigurationPlatforms) = preSolution
		Debug|Any CPU = Debug|Any CPU
		Release|Any CPU = Release|Any CPU
	EndGlobalSection
	GlobalSection(ProjectConfigurationPlatforms) = postSolution
		{0FCB2E95-A46B-4268-B24C-3589A4926C77}.Debug|Any CPU.ActiveCfg = Debug|Any CPU
		{0FCB2E95-A46B-4268-B24C-3589A4926C77}.Debug|Any CPU.Build.0 = Debug|Any CPU
		{0FCB2E95-A46B-4268-B24C-3589A4926C77}.Release|Any CPU.ActiveCfg = Release|Any CPU
		{0FCB2E95-A46B-4268-B24C-3589A4926C77}.Release|Any CPU.Build.0 = Release|Any CPU
	EndGlobalSection
	GlobalSection(SolutionProperties) = preSolution
		HideSolutionNode = FALSE
	EndGlobalSection
	GlobalSection(ExtensibilityGlobals) = postSolution
		SolutionGuid = {CF5EBCB8-6C2F-46D2-8D55-9095D19B749F}
	EndGlobalSection
EndGlobal
