
Microsoft Visual Studio Solution File, Format Version 12.00
# Visual Studio 15
VisualStudioVersion = 15.0.28307.329
MinimumVisualStudioVersion = 10.0.40219.1
Project("{FAE04EC0-301F-11D3-BF4B-00C04F79EFBC}") = "Quizzcsharp", "Quizzcsharp\Quizzcsharp.csproj", "{093D4CF4-7C6F-4BDA-BA29-4172C7F642D5}"
EndProject
Global
	GlobalSection(SolutionConfigurationPlatforms) = preSolution
		Debug|Any CPU = Debug|Any CPU
		Release|Any CPU = Release|Any CPU
	EndGlobalSection
	GlobalSection(ProjectConfigurationPlatforms) = postSolution
		{093D4CF4-7C6F-4BDA-BA29-4172C7F642D5}.Debug|Any CPU.ActiveCfg = Debug|Any CPU
		{093D4CF4-7C6F-4BDA-BA29-4172C7F642D5}.Debug|Any CPU.Build.0 = Debug|Any CPU
		{093D4CF4-7C6F-4BDA-BA29-4172C7F642D5}.Release|Any CPU.ActiveCfg = Release|Any CPU
		{093D4CF4-7C6F-4BDA-BA29-4172C7F642D5}.Release|Any CPU.Build.0 = Release|Any CPU
	EndGlobalSection
	GlobalSection(SolutionProperties) = preSolution
		HideSolutionNode = FALSE
	EndGlobalSection
	GlobalSection(ExtensibilityGlobals) = postSolution
		SolutionGuid = {DC9AB7FD-2AAF-4A9E-869A-49E363096BA2}
	EndGlobalSection
EndGlobal
